
Microsoft Visual Studio Solution File, Format Version 12.00
# Visual Studio for Mac
Project("{FAE04EC0-301F-11D3-BF4B-00C04F79EFBC}") = "SaladShef", "SaladShef.csproj", "{FD0BBA84-7361-BFF5-6A42-05A82C6DAC68}"
EndProject
Project("{FAE04EC0-301F-11D3-BF4B-00C04F79EFBC}") = "SaladShef.Editor", "SaladShef.Editor.csproj", "{42C46CB9-CFC4-6085-ECEA-264F43DF8666}"
EndProject
Global
	GlobalSection(SolutionConfigurationPlatforms) = preSolution
		Debug|Any CPU = Debug|Any CPU
		Release|Any CPU = Release|Any CPU
	EndGlobalSection
	GlobalSection(ProjectConfigurationPlatforms) = postSolution
		{FD0BBA84-7361-BFF5-6A42-05A82C6DAC68}.Debug|Any CPU.ActiveCfg = Debug|Any CPU
		{FD0BBA84-7361-BFF5-6A42-05A82C6DAC68}.Debug|Any CPU.Build.0 = Debug|Any CPU
		{FD0BBA84-7361-BFF5-6A42-05A82C6DAC68}.Release|Any CPU.ActiveCfg = Release|Any CPU
		{FD0BBA84-7361-BFF5-6A42-05A82C6DAC68}.Release|Any CPU.Build.0 = Release|Any CPU
		{42C46CB9-CFC4-6085-ECEA-264F43DF8666}.Debug|Any CPU.ActiveCfg = Debug|Any CPU
		{42C46CB9-CFC4-6085-ECEA-264F43DF8666}.Debug|Any CPU.Build.0 = Debug|Any CPU
		{42C46CB9-CFC4-6085-ECEA-264F43DF8666}.Release|Any CPU.ActiveCfg = Release|Any CPU
		{42C46CB9-CFC4-6085-ECEA-264F43DF8666}.Release|Any CPU.Build.0 = Release|Any CPU
	EndGlobalSection
	GlobalSection(SolutionProperties) = preSolution
		HideSolutionNode = FALSE
	EndGlobalSection
EndGlobal
